// !$*UTF8*$!
{
	archiveVersion = 1;
	classes = {
	};
	objectVersion = 55;
	objects = {

/* Begin PBXBuildFile section */
		3132542228D2E73C000543B3 /* main.swift in Sources */ = {isa = PBXBuildFile; fileRef = 3132542128D2E73C000543B3 /* main.swift */; };
		3132542B28D412BF000543B3 /* AssetModel.swift in Sources */ = {isa = PBXBuildFile; fileRef = 3132542A28D412BF000543B3 /* AssetModel.swift */; };
		3132542E28D412E2000543B3 /* URL + Extensions.swift in Sources */ = {isa = PBXBuildFile; fileRef = 3132542D28D412E2000543B3 /* URL + Extensions.swift */; };
		3132543028D412FC000543B3 /* String + Extensions.swift in Sources */ = {isa = PBXBuildFile; fileRef = 3132542F28D412FC000543B3 /* String + Extensions.swift */; };
		3132543428D4134A000543B3 /* OutputBuffer.swift in Sources */ = {isa = PBXBuildFile; fileRef = 3132543328D4134A000543B3 /* OutputBuffer.swift */; };
		3132543628D4135C000543B3 /* StringBuffer.swift in Sources */ = {isa = PBXBuildFile; fileRef = 3132543528D4135C000543B3 /* StringBuffer.swift */; };
		3132543828D41378000543B3 /* ProgressBar.swift in Sources */ = {isa = PBXBuildFile; fileRef = 3132543728D41378000543B3 /* ProgressBar.swift */; };
		3132543B28D413A3000543B3 /* AssetManager.swift in Sources */ = {isa = PBXBuildFile; fileRef = 3132543A28D413A3000543B3 /* AssetManager.swift */; };
		3132543D28D413F9000543B3 /* JSONEncoder + Extensions.swift in Sources */ = {isa = PBXBuildFile; fileRef = 3132543C28D413F9000543B3 /* JSONEncoder + Extensions.swift */; };
		3132544028D43215000543B3 /* ArgumentsEnum.swift in Sources */ = {isa = PBXBuildFile; fileRef = 3132543F28D43215000543B3 /* ArgumentsEnum.swift */; };
/* End PBXBuildFile section */

/* Begin PBXCopyFilesBuildPhase section */
		3132541C28D2E73C000543B3 /* CopyFiles */ = {
			isa = PBXCopyFilesBuildPhase;
			buildActionMask = 2147483647;
			dstPath = /usr/share/man/man1/;
			dstSubfolderSpec = 0;
			files = (
			);
			runOnlyForDeploymentPostprocessing = 1;
		};
/* End PBXCopyFilesBuildPhase section */

/* Begin PBXFileReference section */
		3132541E28D2E73C000543B3 /* AssetCleaner */ = {isa = PBXFileReference; explicitFileType = "compiled.mach-o.executable"; includeInIndex = 0; path = AssetCleaner; sourceTree = BUILT_PRODUCTS_DIR; };
		3132542128D2E73C000543B3 /* main.swift */ = {isa = PBXFileReference; lastKnownFileType = sourcecode.swift; path = main.swift; sourceTree = "<group>"; };
		3132542A28D412BF000543B3 /* AssetModel.swift */ = {isa = PBXFileReference; lastKnownFileType = sourcecode.swift; path = AssetModel.swift; sourceTree = "<group>"; };
		3132542D28D412E2000543B3 /* URL + Extensions.swift */ = {isa = PBXFileReference; lastKnownFileType = sourcecode.swift; path = "URL + Extensions.swift"; sourceTree = "<group>"; };
		3132542F28D412FC000543B3 /* String + Extensions.swift */ = {isa = PBXFileReference; lastKnownFileType = sourcecode.swift; path = "String + Extensions.swift"; sourceTree = "<group>"; };
		3132543328D4134A000543B3 /* OutputBuffer.swift */ = {isa = PBXFileReference; lastKnownFileType = sourcecode.swift; path = OutputBuffer.swift; sourceTree = "<group>"; };
		3132543528D4135C000543B3 /* StringBuffer.swift */ = {isa = PBXFileReference; lastKnownFileType = sourcecode.swift; path = StringBuffer.swift; sourceTree = "<group>"; };
		3132543728D41378000543B3 /* ProgressBar.swift */ = {isa = PBXFileReference; lastKnownFileType = sourcecode.swift; path = ProgressBar.swift; sourceTree = "<group>"; };
		3132543A28D413A3000543B3 /* AssetManager.swift */ = {isa = PBXFileReference; lastKnownFileType = sourcecode.swift; path = AssetManager.swift; sourceTree = "<group>"; };
		3132543C28D413F9000543B3 /* JSONEncoder + Extensions.swift */ = {isa = PBXFileReference; lastKnownFileType = sourcecode.swift; path = "JSONEncoder + Extensions.swift"; sourceTree = "<group>"; };
		3132543F28D43215000543B3 /* ArgumentsEnum.swift */ = {isa = PBXFileReference; lastKnownFileType = sourcecode.swift; path = ArgumentsEnum.swift; sourceTree = "<group>"; };
/* End PBXFileReference section */

/* Begin PBXFrameworksBuildPhase section */
		3132541B28D2E73C000543B3 /* Frameworks */ = {
			isa = PBXFrameworksBuildPhase;
			buildActionMask = 2147483647;
			files = (
			);
			runOnlyForDeploymentPostprocessing = 0;
		};
/* End PBXFrameworksBuildPhase section */

/* Begin PBXGroup section */
		3132541528D2E73C000543B3 = {
			isa = PBXGroup;
			children = (
				3132542028D2E73C000543B3 /* AssetCleaner */,
				3132541F28D2E73C000543B3 /* Products */,
			);
			sourceTree = "<group>";
		};
		3132541F28D2E73C000543B3 /* Products */ = {
			isa = PBXGroup;
			children = (
				3132541E28D2E73C000543B3 /* AssetCleaner */,
			);
			name = Products;
			sourceTree = "<group>";
		};
		3132542028D2E73C000543B3 /* AssetCleaner */ = {
			isa = PBXGroup;
			children = (
				3132542828D412AF000543B3 /* Main */,
				3132542928D412B3000543B3 /* Model */,
				3132543128D4131B000543B3 /* Services */,
				3132542C28D412D2000543B3 /* Extensions */,
			);
			path = AssetCleaner;
			sourceTree = "<group>";
		};
		3132542828D412AF000543B3 /* Main */ = {
			isa = PBXGroup;
			children = (
				3132542128D2E73C000543B3 /* main.swift */,
			);
			path = Main;
			sourceTree = "<group>";
		};
		3132542928D412B3000543B3 /* Model */ = {
			isa = PBXGroup;
			children = (
				3132543E28D43209000543B3 /* Arguments */,
				3132542A28D412BF000543B3 /* AssetModel.swift */,
			);
			path = Model;
			sourceTree = "<group>";
		};
		3132542C28D412D2000543B3 /* Extensions */ = {
			isa = PBXGroup;
			children = (
				3132542D28D412E2000543B3 /* URL + Extensions.swift */,
				3132542F28D412FC000543B3 /* String + Extensions.swift */,
				3132543C28D413F9000543B3 /* JSONEncoder + Extensions.swift */,
			);
			path = Extensions;
			sourceTree = "<group>";
		};
		3132543128D4131B000543B3 /* Services */ = {
			isa = PBXGroup;
			children = (
				3132543928D4138C000543B3 /* Asset Manager */,
				3132543228D41326000543B3 /* Progress bar */,
			);
			path = Services;
			sourceTree = "<group>";
		};
		3132543228D41326000543B3 /* Progress bar */ = {
			isa = PBXGroup;
			children = (
				3132543328D4134A000543B3 /* OutputBuffer.swift */,
				3132543528D4135C000543B3 /* StringBuffer.swift */,
				3132543728D41378000543B3 /* ProgressBar.swift */,
			);
			path = "Progress bar";
			sourceTree = "<group>";
		};
		3132543928D4138C000543B3 /* Asset Manager */ = {
			isa = PBXGroup;
			children = (
				3132543A28D413A3000543B3 /* AssetManager.swift */,
			);
			path = "Asset Manager";
			sourceTree = "<group>";
		};
		3132543E28D43209000543B3 /* Arguments */ = {
			isa = PBXGroup;
			children = (
				3132543F28D43215000543B3 /* ArgumentsEnum.swift */,
			);
			path = Arguments;
			sourceTree = "<group>";
		};
/* End PBXGroup section */

/* Begin PBXNativeTarget section */
		3132541D28D2E73C000543B3 /* AssetCleaner */ = {
			isa = PBXNativeTarget;
			buildConfigurationList = 3132542528D2E73C000543B3 /* Build configuration list for PBXNativeTarget "AssetCleaner" */;
			buildPhases = (
				3132541A28D2E73C000543B3 /* Sources */,
				3132541B28D2E73C000543B3 /* Frameworks */,
				3132541C28D2E73C000543B3 /* CopyFiles */,
			);
			buildRules = (
			);
			dependencies = (
			);
			name = AssetCleaner;
			productName = AssetCleaner;
			productReference = 3132541E28D2E73C000543B3 /* AssetCleaner */;
			productType = "com.apple.product-type.tool";
		};
/* End PBXNativeTarget section */

/* Begin PBXProject section */
		3132541628D2E73C000543B3 /* Project object */ = {
			isa = PBXProject;
			attributes = {
				BuildIndependentTargetsInParallel = 1;
				LastSwiftUpdateCheck = 1320;
				LastUpgradeCheck = 1320;
				TargetAttributes = {
					3132541D28D2E73C000543B3 = {
						CreatedOnToolsVersion = 13.2.1;
					};
				};
			};
			buildConfigurationList = 3132541928D2E73C000543B3 /* Build configuration list for PBXProject "AssetCleaner" */;
			compatibilityVersion = "Xcode 13.0";
			developmentRegion = en;
			hasScannedForEncodings = 0;
			knownRegions = (
				en,
				Base,
			);
			mainGroup = 3132541528D2E73C000543B3;
			productRefGroup = 3132541F28D2E73C000543B3 /* Products */;
			projectDirPath = "";
			projectRoot = "";
			targets = (
				3132541D28D2E73C000543B3 /* AssetCleaner */,
			);
		};
/* End PBXProject section */

/* Begin PBXSourcesBuildPhase section */
		3132541A28D2E73C000543B3 /* Sources */ = {
			isa = PBXSourcesBuildPhase;
			buildActionMask = 2147483647;
			files = (
				3132543B28D413A3000543B3 /* AssetManager.swift in Sources */,
				3132543D28D413F9000543B3 /* JSONEncoder + Extensions.swift in Sources */,
				3132542B28D412BF000543B3 /* AssetModel.swift in Sources */,
				3132542228D2E73C000543B3 /* main.swift in Sources */,
				3132543628D4135C000543B3 /* StringBuffer.swift in Sources */,
				3132543028D412FC000543B3 /* String + Extensions.swift in Sources */,
				3132543428D4134A000543B3 /* OutputBuffer.swift in Sources */,
				3132544028D43215000543B3 /* ArgumentsEnum.swift in Sources */,
				3132542E28D412E2000543B3 /* URL + Extensions.swift in Sources */,
				3132543828D41378000543B3 /* ProgressBar.swift in Sources */,
			);
			runOnlyForDeploymentPostprocessing = 0;
		};
/* End PBXSourcesBuildPhase section */

/* Begin XCBuildConfiguration section */
		3132542328D2E73C000543B3 /* Debug */ = {
			isa = XCBuildConfiguration;
			buildSettings = {
				ALWAYS_SEARCH_USER_PATHS = NO;
				CLANG_ANALYZER_NONNULL = YES;
				CLANG_ANALYZER_NUMBER_OBJECT_CONVERSION = YES_AGGRESSIVE;
				CLANG_CXX_LANGUAGE_STANDARD = "gnu++17";
				CLANG_CXX_LIBRARY = "libc++";
				CLANG_ENABLE_MODULES = YES;
				CLANG_ENABLE_OBJC_ARC = YES;
				CLANG_ENABLE_OBJC_WEAK = YES;
				CLANG_WARN_BLOCK_CAPTURE_AUTORELEASING = YES;
				CLANG_WARN_BOOL_CONVERSION = YES;
				CLANG_WARN_COMMA = YES;
				CLANG_WARN_CONSTANT_CONVERSION = YES;
				CLANG_WARN_DEPRECATED_OBJC_IMPLEMENTATIONS = YES;
				CLANG_WARN_DIRECT_OBJC_ISA_USAGE = YES_ERROR;
				CLANG_WARN_DOCUMENTATION_COMMENTS = YES;
				CLANG_WARN_EMPTY_BODY = YES;
				CLANG_WARN_ENUM_CONVERSION = YES;
				CLANG_WARN_INFINITE_RECURSION = YES;
				CLANG_WARN_INT_CONVERSION = YES;
				CLANG_WARN_NON_LITERAL_NULL_CONVERSION = YES;
				CLANG_WARN_OBJC_IMPLICIT_RETAIN_SELF = YES;
				CLANG_WARN_OBJC_LITERAL_CONVERSION = YES;
				CLANG_WARN_OBJC_ROOT_CLASS = YES_ERROR;
				CLANG_WARN_QUOTED_INCLUDE_IN_FRAMEWORK_HEADER = YES;
				CLANG_WARN_RANGE_LOOP_ANALYSIS = YES;
				CLANG_WARN_STRICT_PROTOTYPES = YES;
				CLANG_WARN_SUSPICIOUS_MOVE = YES;
				CLANG_WARN_UNGUARDED_AVAILABILITY = YES_AGGRESSIVE;
				CLANG_WARN_UNREACHABLE_CODE = YES;
				CLANG_WARN__DUPLICATE_METHOD_MATCH = YES;
				COPY_PHASE_STRIP = NO;
				DEBUG_INFORMATION_FORMAT = dwarf;
				ENABLE_STRICT_OBJC_MSGSEND = YES;
				ENABLE_TESTABILITY = YES;
				GCC_C_LANGUAGE_STANDARD = gnu11;
				GCC_DYNAMIC_NO_PIC = NO;
				GCC_NO_COMMON_BLOCKS = YES;
				GCC_OPTIMIZATION_LEVEL = 0;
				GCC_PREPROCESSOR_DEFINITIONS = (
					"DEBUG=1",
					"$(inherited)",
				);
				GCC_WARN_64_TO_32_BIT_CONVERSION = YES;
				GCC_WARN_ABOUT_RETURN_TYPE = YES_ERROR;
				GCC_WARN_UNDECLARED_SELECTOR = YES;
				GCC_WARN_UNINITIALIZED_AUTOS = YES_AGGRESSIVE;
				GCC_WARN_UNUSED_FUNCTION = YES;
				GCC_WARN_UNUSED_VARIABLE = YES;
				MACOSX_DEPLOYMENT_TARGET = 12.1;
				MTL_ENABLE_DEBUG_INFO = INCLUDE_SOURCE;
				MTL_FAST_MATH = YES;
				ONLY_ACTIVE_ARCH = YES;
				SDKROOT = macosx;
				SWIFT_ACTIVE_COMPILATION_CONDITIONS = DEBUG;
				SWIFT_OPTIMIZATION_LEVEL = "-Onone";
			};
			name = Debug;
		};
		3132542428D2E73C000543B3 /* Release */ = {
			isa = XCBuildConfiguration;
			buildSettings = {
				ALWAYS_SEARCH_USER_PATHS = NO;
				CLANG_ANALYZER_NONNULL = YES;
				CLANG_ANALYZER_NUMBER_OBJECT_CONVERSION = YES_AGGRESSIVE;
				CLANG_CXX_LANGUAGE_STANDARD = "gnu++17";
				CLANG_CXX_LIBRARY = "libc++";
				CLANG_ENABLE_MODULES = YES;
				CLANG_ENABLE_OBJC_ARC = YES;
				CLANG_ENABLE_OBJC_WEAK = YES;
				CLANG_WARN_BLOCK_CAPTURE_AUTORELEASING = YES;
				CLANG_WARN_BOOL_CONVERSION = YES;
				CLANG_WARN_COMMA = YES;
				CLANG_WARN_CONSTANT_CONVERSION = YES;
				CLANG_WARN_DEPRECATED_OBJC_IMPLEMENTATIONS = YES;
				CLANG_WARN_DIRECT_OBJC_ISA_USAGE = YES_ERROR;
				CLANG_WARN_DOCUMENTATION_COMMENTS = YES;
				CLANG_WARN_EMPTY_BODY = YES;
				CLANG_WARN_ENUM_CONVERSION = YES;
				CLANG_WARN_INFINITE_RECURSION = YES;
				CLANG_WARN_INT_CONVERSION = YES;
				CLANG_WARN_NON_LITERAL_NULL_CONVERSION = YES;
				CLANG_WARN_OBJC_IMPLICIT_RETAIN_SELF = YES;
				CLANG_WARN_OBJC_LITERAL_CONVERSION = YES;
				CLANG_WARN_OBJC_ROOT_CLASS = YES_ERROR;
				CLANG_WARN_QUOTED_INCLUDE_IN_FRAMEWORK_HEADER = YES;
				CLANG_WARN_RANGE_LOOP_ANALYSIS = YES;
				CLANG_WARN_STRICT_PROTOTYPES = YES;
				CLANG_WARN_SUSPICIOUS_MOVE = YES;
				CLANG_WARN_UNGUARDED_AVAILABILITY = YES_AGGRESSIVE;
				CLANG_WARN_UNREACHABLE_CODE = YES;
				CLANG_WARN__DUPLICATE_METHOD_MATCH = YES;
				COPY_PHASE_STRIP = NO;
				DEBUG_INFORMATION_FORMAT = "dwarf-with-dsym";
				ENABLE_NS_ASSERTIONS = NO;
				ENABLE_STRICT_OBJC_MSGSEND = YES;
				GCC_C_LANGUAGE_STANDARD = gnu11;
				GCC_NO_COMMON_BLOCKS = YES;
				GCC_WARN_64_TO_32_BIT_CONVERSION = YES;
				GCC_WARN_ABOUT_RETURN_TYPE = YES_ERROR;
				GCC_WARN_UNDECLARED_SELECTOR = YES;
				GCC_WARN_UNINITIALIZED_AUTOS = YES_AGGRESSIVE;
				GCC_WARN_UNUSED_FUNCTION = YES;
				GCC_WARN_UNUSED_VARIABLE = YES;
				MACOSX_DEPLOYMENT_TARGET = 12.1;
				MTL_ENABLE_DEBUG_INFO = NO;
				MTL_FAST_MATH = YES;
				SDKROOT = macosx;
				SWIFT_COMPILATION_MODE = wholemodule;
				SWIFT_OPTIMIZATION_LEVEL = "-O";
			};
			name = Release;
		};
		3132542628D2E73C000543B3 /* Debug */ = {
			isa = XCBuildConfiguration;
			buildSettings = {
				CODE_SIGN_STYLE = Automatic;
				DEVELOPMENT_TEAM = GGFPK64RNX;
				ENABLE_HARDENED_RUNTIME = YES;
				PRODUCT_NAME = "$(TARGET_NAME)";
				SWIFT_VERSION = 5.0;
			};
			name = Debug;
		};
		3132542728D2E73C000543B3 /* Release */ = {
			isa = XCBuildConfiguration;
			buildSettings = {
				CODE_SIGN_STYLE = Automatic;
				DEVELOPMENT_TEAM = GGFPK64RNX;
				ENABLE_HARDENED_RUNTIME = YES;
				PRODUCT_NAME = "$(TARGET_NAME)";
				SWIFT_VERSION = 5.0;
			};
			name = Release;
		};
/* End XCBuildConfiguration section */

/* Begin XCConfigurationList section */
		3132541928D2E73C000543B3 /* Build configuration list for PBXProject "AssetCleaner" */ = {
			isa = XCConfigurationList;
			buildConfigurations = (
				3132542328D2E73C000543B3 /* Debug */,
				3132542428D2E73C000543B3 /* Release */,
			);
			defaultConfigurationIsVisible = 0;
			defaultConfigurationName = Release;
		};
		3132542528D2E73C000543B3 /* Build configuration list for PBXNativeTarget "AssetCleaner" */ = {
			isa = XCConfigurationList;
			buildConfigurations = (
				3132542628D2E73C000543B3 /* Debug */,
				3132542728D2E73C000543B3 /* Release */,
			);
			defaultConfigurationIsVisible = 0;
			defaultConfigurationName = Release;
		};
/* End XCConfigurationList section */
	};
	rootObject = 3132541628D2E73C000543B3 /* Project object */;
}
